
Microsoft Visual Studio Solution File, Format Version 12.00
# Visual Studio Version 16
VisualStudioVersion = 16.0.34114.132
MinimumVisualStudioVersion = 10.0.40219.1
Project("{FAE04EC0-301F-11D3-BF4B-00C04F79EFBC}") = "WindowsFormsApp1", "WindowsFormsApp1\WindowsFormsApp1.csproj", "{2C2EC2A7-C1DE-485B-A51A-B842312D0E9D}"
EndProject
Global
	GlobalSection(SolutionConfigurationPlatforms) = preSolution
		Debug|Any CPU = Debug|Any CPU
		Release|Any CPU = Release|Any CPU
	EndGlobalSection
	GlobalSection(ProjectConfigurationPlatforms) = postSolution
		{2C2EC2A7-C1DE-485B-A51A-B842312D0E9D}.Debug|Any CPU.ActiveCfg = Debug|Any CPU
		{2C2EC2A7-C1DE-485B-A51A-B842312D0E9D}.Debug|Any CPU.Build.0 = Debug|Any CPU
		{2C2EC2A7-C1DE-485B-A51A-B842312D0E9D}.Release|Any CPU.ActiveCfg = Release|Any CPU
		{2C2EC2A7-C1DE-485B-A51A-B842312D0E9D}.Release|Any CPU.Build.0 = Release|Any CPU
	EndGlobalSection
	GlobalSection(SolutionProperties) = preSolution
		HideSolutionNode = FALSE
	EndGlobalSection
	GlobalSection(ExtensibilityGlobals) = postSolution
		SolutionGuid = {0359220B-BAF2-4885-8635-E5338D7CD68E}
	EndGlobalSection
EndGlobal
